
Microsoft Visual Studio Solution File, Format Version 12.00
# Visual Studio Version 17
VisualStudioVersion = 17.6.33829.357
MinimumVisualStudioVersion = 10.0.40219.1
Project("{FAE04EC0-301F-11D3-BF4B-00C04F79EFBC}") = "ChainofResponsibility", "ChainofResponsibility\ChainofResponsibility.csproj", "{552AA040-9B09-40E1-B10D-98913209AAFB}"
EndProject
Global
	GlobalSection(SolutionConfigurationPlatforms) = preSolution
		Debug|Any CPU = Debug|Any CPU
		Release|Any CPU = Release|Any CPU
	EndGlobalSection
	GlobalSection(ProjectConfigurationPlatforms) = postSolution
		{552AA040-9B09-40E1-B10D-98913209AAFB}.Debug|Any CPU.ActiveCfg = Debug|Any CPU
		{552AA040-9B09-40E1-B10D-98913209AAFB}.Debug|Any CPU.Build.0 = Debug|Any CPU
		{552AA040-9B09-40E1-B10D-98913209AAFB}.Release|Any CPU.ActiveCfg = Release|Any CPU
		{552AA040-9B09-40E1-B10D-98913209AAFB}.Release|Any CPU.Build.0 = Release|Any CPU
	EndGlobalSection
	GlobalSection(SolutionProperties) = preSolution
		HideSolutionNode = FALSE
	EndGlobalSection
	GlobalSection(ExtensibilityGlobals) = postSolution
		SolutionGuid = {4D7D5C0F-2715-4F81-A3DD-96DC9ED079E0}
	EndGlobalSection
EndGlobal
